
Microsoft Visual Studio Solution File, Format Version 12.00
# Visual Studio Version 17
VisualStudioVersion = 17.13.35931.197 d17.13
MinimumVisualStudioVersion = 10.0.40219.1
Project("{FAE04EC0-301F-11D3-BF4B-00C04F79EFBC}") = "TestFApp1", "TestFApp1.csproj", "{C87AF4C1-0A24-45D4-BA6B-92F38A417E79}"
EndProject
Global
	GlobalSection(SolutionConfigurationPlatforms) = preSolution
		Debug|Any CPU = Debug|Any CPU
		Release|Any CPU = Release|Any CPU
	EndGlobalSection
	GlobalSection(ProjectConfigurationPlatforms) = postSolution
		{C87AF4C1-0A24-45D4-BA6B-92F38A417E79}.Debug|Any CPU.ActiveCfg = Debug|Any CPU
		{C87AF4C1-0A24-45D4-BA6B-92F38A417E79}.Debug|Any CPU.Build.0 = Debug|Any CPU
		{C87AF4C1-0A24-45D4-BA6B-92F38A417E79}.Release|Any CPU.ActiveCfg = Release|Any CPU
		{C87AF4C1-0A24-45D4-BA6B-92F38A417E79}.Release|Any CPU.Build.0 = Release|Any CPU
	EndGlobalSection
	GlobalSection(SolutionProperties) = preSolution
		HideSolutionNode = FALSE
	EndGlobalSection
	GlobalSection(ExtensibilityGlobals) = postSolution
		SolutionGuid = {BF09F744-2E09-45F1-A237-E1F8C50575B5}
	EndGlobalSection
EndGlobal
